
Microsoft Visual Studio Solution File, Format Version 12.00
# Visual Studio Version 16
VisualStudioVersion = 16.0.31129.286
MinimumVisualStudioVersion = 10.0.40219.1
Project("{FAE04EC0-301F-11D3-BF4B-00C04F79EFBC}") = "FrequencyIS", "FrequencyIS.csproj", "{AA0DCB00-3E91-42D1-97F4-8E0111D2E812}"
EndProject
Global
	GlobalSection(SolutionConfigurationPlatforms) = preSolution
		Debug|Any CPU = Debug|Any CPU
		Release|Any CPU = Release|Any CPU
	EndGlobalSection
	GlobalSection(ProjectConfigurationPlatforms) = postSolution
		{AA0DCB00-3E91-42D1-97F4-8E0111D2E812}.Debug|Any CPU.ActiveCfg = Debug|Any CPU
		{AA0DCB00-3E91-42D1-97F4-8E0111D2E812}.Debug|Any CPU.Build.0 = Debug|Any CPU
		{AA0DCB00-3E91-42D1-97F4-8E0111D2E812}.Release|Any CPU.ActiveCfg = Release|Any CPU
		{AA0DCB00-3E91-42D1-97F4-8E0111D2E812}.Release|Any CPU.Build.0 = Release|Any CPU
	EndGlobalSection
	GlobalSection(SolutionProperties) = preSolution
		HideSolutionNode = FALSE
	EndGlobalSection
	GlobalSection(ExtensibilityGlobals) = postSolution
		SolutionGuid = {2BE479A4-E4B2-4CEA-82B4-92D130511D31}
	EndGlobalSection
EndGlobal
